Microsoft Visual Studio Solution File, Format Version 12.00
# Visual Studio Version 17
VisualStudioVersion = 17.6.33723.286
MinimumVisualStudioVersion = 10.0.40219.1
Project("{9A19103F-16F7-4668-BE54-9A1E7A4F7556}") = "MetallicBatteries", "MetallicBatteries\MetallicBatteries.csproj", "{C2CA7ED7-4BD0-4338-8883-F400E9A3C095}"
EndProject
Global
	GlobalSection(SolutionConfigurationPlatforms) = preSolution
		Debug|Any CPU = Debug|Any CPU
		Release|Any CPU = Release|Any CPU
	EndGlobalSection
	GlobalSection(ProjectConfigurationPlatforms) = postSolution
		{C2CA7ED7-4BD0-4338-8883-F400E9A3C095}.Debug|Any CPU.ActiveCfg = Debug|Any CPU
		{C2CA7ED7-4BD0-4338-8883-F400E9A3C095}.Debug|Any CPU.Build.0 = Debug|Any CPU
		{C2CA7ED7-4BD0-4338-8883-F400E9A3C095}.Release|Any CPU.ActiveCfg = Release|Any CPU
		{C2CA7ED7-4BD0-4338-8883-F400E9A3C095}.Release|Any CPU.Build.0 = Release|Any CPU
	EndGlobalSection
	GlobalSection(SolutionProperties) = preSolution
		HideSolutionNode = FALSE
	EndGlobalSection
	GlobalSection(ExtensibilityGlobals) = postSolution
		SolutionGuid = {fde1dd92-6afe-4c05-93e3-90b36403d003}
	EndGlobalSection
EndGlobal
